// !$*UTF8*$!
{
	archiveVersion = 1;
	classes = {
	};
	objectVersion = 56;
	objects = {

/* Begin PBXBuildFile section */
		1A89A22F2998524F0078F80F /* AppDelegate.swift in Sources */ = {isa = PBXBuildFile; fileRef = 1A89A22E2998524F0078F80F /* AppDelegate.swift */; };
		1A89A2312998524F0078F80F /* SceneDelegate.swift in Sources */ = {isa = PBXBuildFile; fileRef = 1A89A2302998524F0078F80F /* SceneDelegate.swift */; };
		1A89A2332998524F0078F80F /* ViewController.swift in Sources */ = {isa = PBXBuildFile; fileRef = 1A89A2322998524F0078F80F /* ViewController.swift */; };
		1A89A2362998524F0078F80F /* Main.storyboard in Resources */ = {isa = PBXBuildFile; fileRef = 1A89A2342998524F0078F80F /* Main.storyboard */; };
		1A89A238299852500078F80F /* Assets.xcassets in Resources */ = {isa = PBXBuildFile; fileRef = 1A89A237299852500078F80F /* Assets.xcassets */; };
		1A89A23B299852500078F80F /* LaunchScreen.storyboard in Resources */ = {isa = PBXBuildFile; fileRef = 1A89A239299852500078F80F /* LaunchScreen.storyboard */; };
		1A89A245299853520078F80F /* Constant.swift in Sources */ = {isa = PBXBuildFile; fileRef = 1A89A244299853520078F80F /* Constant.swift */; };
		57B5538BC504BA8557F7F02E /* Pods_NeuStockApp.framework in Frameworks */ = {isa = PBXBuildFile; fileRef = 7B6356AC6D4AD98AE502FC32 /* Pods_NeuStockApp.framework */; };
/* End PBXBuildFile section */

/* Begin PBXFileReference section */
		0BA10B9870D671EE084E162B /* Pods-NeuStockApp.release.xcconfig */ = {isa = PBXFileReference; includeInIndex = 1; lastKnownFileType = text.xcconfig; name = "Pods-NeuStockApp.release.xcconfig"; path = "Target Support Files/Pods-NeuStockApp/Pods-NeuStockApp.release.xcconfig"; sourceTree = "<group>"; };
		1A89A22B2998524F0078F80F /* NeuStockApp.app */ = {isa = PBXFileReference; explicitFileType = wrapper.application; includeInIndex = 0; path = NeuStockApp.app; sourceTree = BUILT_PRODUCTS_DIR; };
		1A89A22E2998524F0078F80F /* AppDelegate.swift */ = {isa = PBXFileReference; lastKnownFileType = sourcecode.swift; path = AppDelegate.swift; sourceTree = "<group>"; };
		1A89A2302998524F0078F80F /* SceneDelegate.swift */ = {isa = PBXFileReference; lastKnownFileType = sourcecode.swift; path = SceneDelegate.swift; sourceTree = "<group>"; };
		1A89A2322998524F0078F80F /* ViewController.swift */ = {isa = PBXFileReference; lastKnownFileType = sourcecode.swift; path = ViewController.swift; sourceTree = "<group>"; };
		1A89A2352998524F0078F80F /* Base */ = {isa = PBXFileReference; lastKnownFileType = file.storyboard; name = Base; path = Base.lproj/Main.storyboard; sourceTree = "<group>"; };
		1A89A237299852500078F80F /* Assets.xcassets */ = {isa = PBXFileReference; lastKnownFileType = folder.assetcatalog; path = Assets.xcassets; sourceTree = "<group>"; };
		1A89A23A299852500078F80F /* Base */ = {isa = PBXFileReference; lastKnownFileType = file.storyboard; name = Base; path = Base.lproj/LaunchScreen.storyboard; sourceTree = "<group>"; };
		1A89A23C299852500078F80F /* Info.plist */ = {isa = PBXFileReference; lastKnownFileType = text.plist.xml; path = Info.plist; sourceTree = "<group>"; };
		1A89A244299853520078F80F /* Constant.swift */ = {isa = PBXFileReference; lastKnownFileType = sourcecode.swift; path = Constant.swift; sourceTree = "<group>"; };
		7B6356AC6D4AD98AE502FC32 /* Pods_NeuStockApp.framework */ = {isa = PBXFileReference; explicitFileType = wrapper.framework; includeInIndex = 0; path = Pods_NeuStockApp.framework; sourceTree = BUILT_PRODUCTS_DIR; };
		CAD1FDC08D3D3C020D9A1ABC /* Pods-NeuStockApp.debug.xcconfig */ = {isa = PBXFileReference; includeInIndex = 1; lastKnownFileType = text.xcconfig; name = "Pods-NeuStockApp.debug.xcconfig"; path = "Target Support Files/Pods-NeuStockApp/Pods-NeuStockApp.debug.xcconfig"; sourceTree = "<group>"; };
/* End PBXFileReference section */

/* Begin PBXFrameworksBuildPhase section */
		1A89A2282998524F0078F80F /* Frameworks */ = {
			isa = PBXFrameworksBuildPhase;
			buildActionMask = 2147483647;
			files = (
				57B5538BC504BA8557F7F02E /* Pods_NeuStockApp.framework in Frameworks */,
			);
			runOnlyForDeploymentPostprocessing = 0;
		};
/* End PBXFrameworksBuildPhase section */

/* Begin PBXGroup section */
		0D21CC22DEA25B54038EDDEF /* Frameworks */ = {
			isa = PBXGroup;
			children = (
				7B6356AC6D4AD98AE502FC32 /* Pods_NeuStockApp.framework */,
			);
			name = Frameworks;
			sourceTree = "<group>";
		};
		1A89A2222998524F0078F80F = {
			isa = PBXGroup;
			children = (
				1A89A22D2998524F0078F80F /* NeuStockApp */,
				1A89A22C2998524F0078F80F /* Products */,
				EED43C869DA5C30DC0D36027 /* Pods */,
				0D21CC22DEA25B54038EDDEF /* Frameworks */,
			);
			sourceTree = "<group>";
		};
		1A89A22C2998524F0078F80F /* Products */ = {
			isa = PBXGroup;
			children = (
				1A89A22B2998524F0078F80F /* NeuStockApp.app */,
			);
			name = Products;
			sourceTree = "<group>";
		};
		1A89A22D2998524F0078F80F /* NeuStockApp */ = {
			isa = PBXGroup;
			children = (
				1A89A243299852D00078F80F /* utils */,
				1A89A22E2998524F0078F80F /* AppDelegate.swift */,
				1A89A2302998524F0078F80F /* SceneDelegate.swift */,
				1A89A2322998524F0078F80F /* ViewController.swift */,
				1A89A2342998524F0078F80F /* Main.storyboard */,
				1A89A237299852500078F80F /* Assets.xcassets */,
				1A89A239299852500078F80F /* LaunchScreen.storyboard */,
				1A89A23C299852500078F80F /* Info.plist */,
			);
			path = NeuStockApp;
			sourceTree = "<group>";
		};
		1A89A243299852D00078F80F /* utils */ = {
			isa = PBXGroup;
			children = (
				1A89A244299853520078F80F /* Constant.swift */,
			);
			path = utils;
			sourceTree = "<group>";
		};
		EED43C869DA5C30DC0D36027 /* Pods */ = {
			isa = PBXGroup;
			children = (
				CAD1FDC08D3D3C020D9A1ABC /* Pods-NeuStockApp.debug.xcconfig */,
				0BA10B9870D671EE084E162B /* Pods-NeuStockApp.release.xcconfig */,
			);
			path = Pods;
			sourceTree = "<group>";
		};
/* End PBXGroup section */

/* Begin PBXNativeTarget section */
		1A89A22A2998524F0078F80F /* NeuStockApp */ = {
			isa = PBXNativeTarget;
			buildConfigurationList = 1A89A23F299852500078F80F /* Build configuration list for PBXNativeTarget "NeuStockApp" */;
			buildPhases = (
				A2F3FBFB859494D71B1A12D7 /* [CP] Check Pods Manifest.lock */,
				1A89A2272998524F0078F80F /* Sources */,
				1A89A2282998524F0078F80F /* Frameworks */,
				1A89A2292998524F0078F80F /* Resources */,
				4E8D24C1DD4532A431FE53BA /* [CP] Embed Pods Frameworks */,
			);
			buildRules = (
			);
			dependencies = (
			);
			name = NeuStockApp;
			productName = NeuStockApp;
			productReference = 1A89A22B2998524F0078F80F /* NeuStockApp.app */;
			productType = "com.apple.product-type.application";
		};
/* End PBXNativeTarget section */

/* Begin PBXProject section */
		1A89A2232998524F0078F80F /* Project object */ = {
			isa = PBXProject;
			attributes = {
				BuildIndependentTargetsInParallel = 1;
				LastSwiftUpdateCheck = 1420;
				LastUpgradeCheck = 1420;
				TargetAttributes = {
					1A89A22A2998524F0078F80F = {
						CreatedOnToolsVersion = 14.2;
					};
				};
			};
			buildConfigurationList = 1A89A2262998524F0078F80F /* Build configuration list for PBXProject "NeuStockApp" */;
			compatibilityVersion = "Xcode 14.0";
			developmentRegion = en;
			hasScannedForEncodings = 0;
			knownRegions = (
				en,
				Base,
			);
			mainGroup = 1A89A2222998524F0078F80F;
			productRefGroup = 1A89A22C2998524F0078F80F /* Products */;
			projectDirPath = "";
			projectRoot = "";
			targets = (
				1A89A22A2998524F0078F80F /* NeuStockApp */,
			);
		};
/* End PBXProject section */

/* Begin PBXResourcesBuildPhase section */
		1A89A2292998524F0078F80F /* Resources */ = {
			isa = PBXResourcesBuildPhase;
			buildActionMask = 2147483647;
			files = (
				1A89A23B299852500078F80F /* LaunchScreen.storyboard in Resources */,
				1A89A238299852500078F80F /* Assets.xcassets in Resources */,
				1A89A2362998524F0078F80F /* Main.storyboard in Resources */,
			);
			runOnlyForDeploymentPostprocessing = 0;
		};
/* End PBXResourcesBuildPhase section */

/* Begin PBXShellScriptBuildPhase section */
		4E8D24C1DD4532A431FE53BA /* [CP] Embed Pods Frameworks */ = {
			isa = PBXShellScriptBuildPhase;
			buildActionMask = 2147483647;
			files = (
			);
			inputFileListPaths = (
				"${PODS_ROOT}/Target Support Files/Pods-NeuStockApp/Pods-NeuStockApp-frameworks-${CONFIGURATION}-input-files.xcfilelist",
			);
			name = "[CP] Embed Pods Frameworks";
			outputFileListPaths = (
				"${PODS_ROOT}/Target Support Files/Pods-NeuStockApp/Pods-NeuStockApp-frameworks-${CONFIGURATION}-output-files.xcfilelist",
			);
			runOnlyForDeploymentPostprocessing = 0;
			shellPath = /bin/sh;
			shellScript = "\"${PODS_ROOT}/Target Support Files/Pods-NeuStockApp/Pods-NeuStockApp-frameworks.sh\"\n";
			showEnvVarsInLog = 0;
		};
		A2F3FBFB859494D71B1A12D7 /* [CP] Check Pods Manifest.lock */ = {
			isa = PBXShellScriptBuildPhase;
			buildActionMask = 2147483647;
			files = (
			);
			inputFileListPaths = (
			);
			inputPaths = (
				"${PODS_PODFILE_DIR_PATH}/Podfile.lock",
				"${PODS_ROOT}/Manifest.lock",
			);
			name = "[CP] Check Pods Manifest.lock";
			outputFileListPaths = (
			);
			outputPaths = (
				"$(DERIVED_FILE_DIR)/Pods-NeuStockApp-checkManifestLockResult.txt",
			);
			runOnlyForDeploymentPostprocessing = 0;
			shellPath = /bin/sh;
			shellScript = "diff \"${PODS_PODFILE_DIR_PATH}/Podfile.lock\" \"${PODS_ROOT}/Manifest.lock\" > /dev/null\nif [ $? != 0 ] ; then\n    # print error to STDERR\n    echo \"error: The sandbox is not in sync with the Podfile.lock. Run 'pod install' or update your CocoaPods installation.\" >&2\n    exit 1\nfi\n# This output is used by Xcode 'outputs' to avoid re-running this script phase.\necho \"SUCCESS\" > \"${SCRIPT_OUTPUT_FILE_0}\"\n";
			showEnvVarsInLog = 0;
		};
/* End PBXShellScriptBuildPhase section */

/* Begin PBXSourcesBuildPhase section */
		1A89A2272998524F0078F80F /* Sources */ = {
			isa = PBXSourcesBuildPhase;
			buildActionMask = 2147483647;
			files = (
				1A89A245299853520078F80F /* Constant.swift in Sources */,
				1A89A2332998524F0078F80F /* ViewController.swift in Sources */,
				1A89A22F2998524F0078F80F /* AppDelegate.swift in Sources */,
				1A89A2312998524F0078F80F /* SceneDelegate.swift in Sources */,
			);
			runOnlyForDeploymentPostprocessing = 0;
		};
/* End PBXSourcesBuildPhase section */

/* Begin PBXVariantGroup section */
		1A89A2342998524F0078F80F /* Main.storyboard */ = {
			isa = PBXVariantGroup;
			children = (
				1A89A2352998524F0078F80F /* Base */,
			);
			name = Main.storyboard;
			sourceTree = "<group>";
		};
		1A89A239299852500078F80F /* LaunchScreen.storyboard */ = {
			isa = PBXVariantGroup;
			children = (
				1A89A23A299852500078F80F /* Base */,
			);
			name = LaunchScreen.storyboard;
			sourceTree = "<group>";
		};
/* End PBXVariantGroup section */

/* Begin XCBuildConfiguration section */
		1A89A23D299852500078F80F /* Debug */ = {
			isa = XCBuildConfiguration;
			buildSettings = {
				ALWAYS_SEARCH_USER_PATHS = NO;
				CLANG_ANALYZER_NONNULL = YES;
				CLANG_ANALYZER_NUMBER_OBJECT_CONVERSION = YES_AGGRESSIVE;
				CLANG_CXX_LANGUAGE_STANDARD = "gnu++20";
				CLANG_ENABLE_MODULES = YES;
				CLANG_ENABLE_OBJC_ARC = YES;
				CLANG_ENABLE_OBJC_WEAK = YES;
				CLANG_WARN_BLOCK_CAPTURE_AUTORELEASING = YES;
				CLANG_WARN_BOOL_CONVERSION = YES;
				CLANG_WARN_COMMA = YES;
				CLANG_WARN_CONSTANT_CONVERSION = YES;
				CLANG_WARN_DEPRECATED_OBJC_IMPLEMENTATIONS = YES;
				CLANG_WARN_DIRECT_OBJC_ISA_USAGE = YES_ERROR;
				CLANG_WARN_DOCUMENTATION_COMMENTS = YES;
				CLANG_WARN_EMPTY_BODY = YES;
				CLANG_WARN_ENUM_CONVERSION = YES;
				CLANG_WARN_INFINITE_RECURSION = YES;
				CLANG_WARN_INT_CONVERSION = YES;
				CLANG_WARN_NON_LITERAL_NULL_CONVERSION = YES;
				CLANG_WARN_OBJC_IMPLICIT_RETAIN_SELF = YES;
				CLANG_WARN_OBJC_LITERAL_CONVERSION = YES;
				CLANG_WARN_OBJC_ROOT_CLASS = YES_ERROR;
				CLANG_WARN_QUOTED_INCLUDE_IN_FRAMEWORK_HEADER = YES;
				CLANG_WARN_RANGE_LOOP_ANALYSIS = YES;
				CLANG_WARN_STRICT_PROTOTYPES = YES;
				CLANG_WARN_SUSPICIOUS_MOVE = YES;
				CLANG_WARN_UNGUARDED_AVAILABILITY = YES_AGGRESSIVE;
				CLANG_WARN_UNREACHABLE_CODE = YES;
				CLANG_WARN__DUPLICATE_METHOD_MATCH = YES;
				COPY_PHASE_STRIP = NO;
				DEBUG_INFORMATION_FORMAT = dwarf;
				ENABLE_STRICT_OBJC_MSGSEND = YES;
				ENABLE_TESTABILITY = YES;
				GCC_C_LANGUAGE_STANDARD = gnu11;
				GCC_DYNAMIC_NO_PIC = NO;
				GCC_NO_COMMON_BLOCKS = YES;
				GCC_OPTIMIZATION_LEVEL = 0;
				GCC_PREPROCESSOR_DEFINITIONS = (
					"DEBUG=1",
					"$(inherited)",
				);
				GCC_WARN_64_TO_32_BIT_CONVERSION = YES;
				GCC_WARN_ABOUT_RETURN_TYPE = YES_ERROR;
				GCC_WARN_UNDECLARED_SELECTOR = YES;
				GCC_WARN_UNINITIALIZED_AUTOS = YES_AGGRESSIVE;
				GCC_WARN_UNUSED_FUNCTION = YES;
				GCC_WARN_UNUSED_VARIABLE = YES;
				IPHONEOS_DEPLOYMENT_TARGET = 16.2;
				MTL_ENABLE_DEBUG_INFO = INCLUDE_SOURCE;
				MTL_FAST_MATH = YES;
				ONLY_ACTIVE_ARCH = YES;
				SDKROOT = iphoneos;
				SWIFT_ACTIVE_COMPILATION_CONDITIONS = DEBUG;
				SWIFT_OPTIMIZATION_LEVEL = "-Onone";
			};
			name = Debug;
		};
		1A89A23E299852500078F80F /* Release */ = {
			isa = XCBuildConfiguration;
			buildSettings = {
				ALWAYS_SEARCH_USER_PATHS = NO;
				CLANG_ANALYZER_NONNULL = YES;
				CLANG_ANALYZER_NUMBER_OBJECT_CONVERSION = YES_AGGRESSIVE;
				CLANG_CXX_LANGUAGE_STANDARD = "gnu++20";
				CLANG_ENABLE_MODULES = YES;
				CLANG_ENABLE_OBJC_ARC = YES;
				CLANG_ENABLE_OBJC_WEAK = YES;
				CLANG_WARN_BLOCK_CAPTURE_AUTORELEASING = YES;
				CLANG_WARN_BOOL_CONVERSION = YES;
				CLANG_WARN_COMMA = YES;
				CLANG_WARN_CONSTANT_CONVERSION = YES;
				CLANG_WARN_DEPRECATED_OBJC_IMPLEMENTATIONS = YES;
				CLANG_WARN_DIRECT_OBJC_ISA_USAGE = YES_ERROR;
				CLANG_WARN_DOCUMENTATION_COMMENTS = YES;
				CLANG_WARN_EMPTY_BODY = YES;
				CLANG_WARN_ENUM_CONVERSION = YES;
				CLANG_WARN_INFINITE_RECURSION = YES;
				CLANG_WARN_INT_CONVERSION = YES;
				CLANG_WARN_NON_LITERAL_NULL_CONVERSION = YES;
				CLANG_WARN_OBJC_IMPLICIT_RETAIN_SELF = YES;
				CLANG_WARN_OBJC_LITERAL_CONVERSION = YES;
				CLANG_WARN_OBJC_ROOT_CLASS = YES_ERROR;
				CLANG_WARN_QUOTED_INCLUDE_IN_FRAMEWORK_HEADER = YES;
				CLANG_WARN_RANGE_LOOP_ANALYSIS = YES;
				CLANG_WARN_STRICT_PROTOTYPES = YES;
				CLANG_WARN_SUSPICIOUS_MOVE = YES;
				CLANG_WARN_UNGUARDED_AVAILABILITY = YES_AGGRESSIVE;
				CLANG_WARN_UNREACHABLE_CODE = YES;
				CLANG_WARN__DUPLICATE_METHOD_MATCH = YES;
				COPY_PHASE_STRIP = NO;
				DEBUG_INFORMATION_FORMAT = "dwarf-with-dsym";
				ENABLE_NS_ASSERTIONS = NO;
				ENABLE_STRICT_OBJC_MSGSEND = YES;
				GCC_C_LANGUAGE_STANDARD = gnu11;
				GCC_NO_COMMON_BLOCKS = YES;
				GCC_WARN_64_TO_32_BIT_CONVERSION = YES;
				GCC_WARN_ABOUT_RETURN_TYPE = YES_ERROR;
				GCC_WARN_UNDECLARED_SELECTOR = YES;
				GCC_WARN_UNINITIALIZED_AUTOS = YES_AGGRESSIVE;
				GCC_WARN_UNUSED_FUNCTION = YES;
				GCC_WARN_UNUSED_VARIABLE = YES;
				IPHONEOS_DEPLOYMENT_TARGET = 16.2;
				MTL_ENABLE_DEBUG_INFO = NO;
				MTL_FAST_MATH = YES;
				SDKROOT = iphoneos;
				SWIFT_COMPILATION_MODE = wholemodule;
				SWIFT_OPTIMIZATION_LEVEL = "-O";
				VALIDATE_PRODUCT = YES;
			};
			name = Release;
		};
		1A89A240299852500078F80F /* Debug */ = {
			isa = XCBuildConfiguration;
			baseConfigurationReference = CAD1FDC08D3D3C020D9A1ABC /* Pods-NeuStockApp.debug.xcconfig */;
			buildSettings = {
				ASSETCATALOG_COMPILER_APPICON_NAME = AppIcon;
				ASSETCATALOG_COMPILER_GLOBAL_ACCENT_COLOR_NAME = AccentColor;
				CODE_SIGN_STYLE = Automatic;
				CURRENT_PROJECT_VERSION = 1;
				DEVELOPMENT_TEAM = FHJ4624BJ7;
				GENERATE_INFOPLIST_FILE = YES;
				INFOPLIST_FILE = NeuStockApp/Info.plist;
				INFOPLIST_KEY_UIApplicationSupportsIndirectInputEvents = YES;
				INFOPLIST_KEY_UILaunchStoryboardName = LaunchScreen;
				INFOPLIST_KEY_UIMainStoryboardFile = Main;
				INFOPLIST_KEY_UISupportedInterfaceOrientations_iPad = "UIInterfaceOrientationPortrait UIInterfaceOrientationPortraitUpsideDown UIInterfaceOrientationLandscapeLeft UIInterfaceOrientationLandscapeRight";
				INFOPLIST_KEY_UISupportedInterfaceOrientations_iPhone = "UIInterfaceOrientationPortrait UIInterfaceOrientationLandscapeLeft UIInterfaceOrientationLandscapeRight";
				LD_RUNPATH_SEARCH_PATHS = (
					"$(inherited)",
					"@executable_path/Frameworks",
				);
				MARKETING_VERSION = 1.0;
				PRODUCT_BUNDLE_IDENTIFIER = "edu.northeastern.Siqi-Yu.NeuStockApp";
				PRODUCT_NAME = "$(TARGET_NAME)";
				SWIFT_EMIT_LOC_STRINGS = YES;
				SWIFT_VERSION = 5.0;
				TARGETED_DEVICE_FAMILY = "1,2";
			};
			name = Debug;
		};
		1A89A241299852500078F80F /* Release */ = {
			isa = XCBuildConfiguration;
			baseConfigurationReference = 0BA10B9870D671EE084E162B /* Pods-NeuStockApp.release.xcconfig */;
			buildSettings = {
				ASSETCATALOG_COMPILER_APPICON_NAME = AppIcon;
				ASSETCATALOG_COMPILER_GLOBAL_ACCENT_COLOR_NAME = AccentColor;
				CODE_SIGN_STYLE = Automatic;
				CURRENT_PROJECT_VERSION = 1;
				DEVELOPMENT_TEAM = FHJ4624BJ7;
				GENERATE_INFOPLIST_FILE = YES;
				INFOPLIST_FILE = NeuStockApp/Info.plist;
				INFOPLIST_KEY_UIApplicationSupportsIndirectInputEvents = YES;
				INFOPLIST_KEY_UILaunchStoryboardName = LaunchScreen;
				INFOPLIST_KEY_UIMainStoryboardFile = Main;
				INFOPLIST_KEY_UISupportedInterfaceOrientations_iPad = "UIInterfaceOrientationPortrait UIInterfaceOrientationPortraitUpsideDown UIInterfaceOrientationLandscapeLeft UIInterfaceOrientationLandscapeRight";
				INFOPLIST_KEY_UISupportedInterfaceOrientations_iPhone = "UIInterfaceOrientationPortrait UIInterfaceOrientationLandscapeLeft UIInterfaceOrientationLandscapeRight";
				LD_RUNPATH_SEARCH_PATHS = (
					"$(inherited)",
					"@executable_path/Frameworks",
				);
				MARKETING_VERSION = 1.0;
				PRODUCT_BUNDLE_IDENTIFIER = "edu.northeastern.Siqi-Yu.NeuStockApp";
				PRODUCT_NAME = "$(TARGET_NAME)";
				SWIFT_EMIT_LOC_STRINGS = YES;
				SWIFT_VERSION = 5.0;
				TARGETED_DEVICE_FAMILY = "1,2";
			};
			name = Release;
		};
/* End XCBuildConfiguration section */

/* Begin XCConfigurationList section */
		1A89A2262998524F0078F80F /* Build configuration list for PBXProject "NeuStockApp" */ = {
			isa = XCConfigurationList;
			buildConfigurations = (
				1A89A23D299852500078F80F /* Debug */,
				1A89A23E299852500078F80F /* Release */,
			);
			defaultConfigurationIsVisible = 0;
			defaultConfigurationName = Release;
		};
		1A89A23F299852500078F80F /* Build configuration list for PBXNativeTarget "NeuStockApp" */ = {
			isa = XCConfigurationList;
			buildConfigurations = (
				1A89A240299852500078F80F /* Debug */,
				1A89A241299852500078F80F /* Release */,
			);
			defaultConfigurationIsVisible = 0;
			defaultConfigurationName = Release;
		};
/* End XCConfigurationList section */
	};
	rootObject = 1A89A2232998524F0078F80F /* Project object */;
}
