// !$*UTF8*$!
{
	archiveVersion = 1;
	classes = {
	};
	objectVersion = 56;
	objects = {

/* Begin PBXBuildFile section */
		1A81A60429C6621F00666A41 /* AppDelegate.swift in Sources */ = {isa = PBXBuildFile; fileRef = 1A81A60329C6621F00666A41 /* AppDelegate.swift */; };
		1A81A60629C6621F00666A41 /* SceneDelegate.swift in Sources */ = {isa = PBXBuildFile; fileRef = 1A81A60529C6621F00666A41 /* SceneDelegate.swift */; };
		1A81A60829C6621F00666A41 /* ViewController.swift in Sources */ = {isa = PBXBuildFile; fileRef = 1A81A60729C6621F00666A41 /* ViewController.swift */; };
		1A81A60B29C6621F00666A41 /* Main.storyboard in Resources */ = {isa = PBXBuildFile; fileRef = 1A81A60929C6621F00666A41 /* Main.storyboard */; };
		1A81A60D29C6622100666A41 /* Assets.xcassets in Resources */ = {isa = PBXBuildFile; fileRef = 1A81A60C29C6622100666A41 /* Assets.xcassets */; };
		1A81A61029C6622100666A41 /* LaunchScreen.storyboard in Resources */ = {isa = PBXBuildFile; fileRef = 1A81A60E29C6622100666A41 /* LaunchScreen.storyboard */; };
		1A81A61929C669A400666A41 /* wondersTableViewCell.swift in Sources */ = {isa = PBXBuildFile; fileRef = 1A81A61729C669A400666A41 /* wondersTableViewCell.swift */; };
		1A81A61A29C669A400666A41 /* wondersTableViewCell.xib in Resources */ = {isa = PBXBuildFile; fileRef = 1A81A61829C669A400666A41 /* wondersTableViewCell.xib */; };
		1ACC18CA29C6773D00AF87BB /* wondersViewController.swift in Sources */ = {isa = PBXBuildFile; fileRef = 1ACC18C929C6773D00AF87BB /* wondersViewController.swift */; };
/* End PBXBuildFile section */

/* Begin PBXFileReference section */
		1A81A60029C6621F00666A41 /* sevenWonders.app */ = {isa = PBXFileReference; explicitFileType = wrapper.application; includeInIndex = 0; path = sevenWonders.app; sourceTree = BUILT_PRODUCTS_DIR; };
		1A81A60329C6621F00666A41 /* AppDelegate.swift */ = {isa = PBXFileReference; lastKnownFileType = sourcecode.swift; path = AppDelegate.swift; sourceTree = "<group>"; };
		1A81A60529C6621F00666A41 /* SceneDelegate.swift */ = {isa = PBXFileReference; lastKnownFileType = sourcecode.swift; path = SceneDelegate.swift; sourceTree = "<group>"; };
		1A81A60729C6621F00666A41 /* ViewController.swift */ = {isa = PBXFileReference; lastKnownFileType = sourcecode.swift; path = ViewController.swift; sourceTree = "<group>"; };
		1A81A60A29C6621F00666A41 /* Base */ = {isa = PBXFileReference; lastKnownFileType = file.storyboard; name = Base; path = Base.lproj/Main.storyboard; sourceTree = "<group>"; };
		1A81A60C29C6622100666A41 /* Assets.xcassets */ = {isa = PBXFileReference; lastKnownFileType = folder.assetcatalog; path = Assets.xcassets; sourceTree = "<group>"; };
		1A81A60F29C6622100666A41 /* Base */ = {isa = PBXFileReference; lastKnownFileType = file.storyboard; name = Base; path = Base.lproj/LaunchScreen.storyboard; sourceTree = "<group>"; };
		1A81A61129C6622100666A41 /* Info.plist */ = {isa = PBXFileReference; lastKnownFileType = text.plist.xml; path = Info.plist; sourceTree = "<group>"; };
		1A81A61729C669A400666A41 /* wondersTableViewCell.swift */ = {isa = PBXFileReference; lastKnownFileType = sourcecode.swift; path = wondersTableViewCell.swift; sourceTree = "<group>"; };
		1A81A61829C669A400666A41 /* wondersTableViewCell.xib */ = {isa = PBXFileReference; lastKnownFileType = file.xib; path = wondersTableViewCell.xib; sourceTree = "<group>"; };
		1ACC18C929C6773D00AF87BB /* wondersViewController.swift */ = {isa = PBXFileReference; lastKnownFileType = sourcecode.swift; path = wondersViewController.swift; sourceTree = "<group>"; };
/* End PBXFileReference section */

/* Begin PBXFrameworksBuildPhase section */
		1A81A5FD29C6621F00666A41 /* Frameworks */ = {
			isa = PBXFrameworksBuildPhase;
			buildActionMask = 2147483647;
			files = (
			);
			runOnlyForDeploymentPostprocessing = 0;
		};
/* End PBXFrameworksBuildPhase section */

/* Begin PBXGroup section */
		1A81A5F729C6621F00666A41 = {
			isa = PBXGroup;
			children = (
				1A81A60229C6621F00666A41 /* sevenWonders */,
				1A81A60129C6621F00666A41 /* Products */,
			);
			sourceTree = "<group>";
		};
		1A81A60129C6621F00666A41 /* Products */ = {
			isa = PBXGroup;
			children = (
				1A81A60029C6621F00666A41 /* sevenWonders.app */,
			);
			name = Products;
			sourceTree = "<group>";
		};
		1A81A60229C6621F00666A41 /* sevenWonders */ = {
			isa = PBXGroup;
			children = (
				1A81A60329C6621F00666A41 /* AppDelegate.swift */,
				1A81A60529C6621F00666A41 /* SceneDelegate.swift */,
				1A81A60729C6621F00666A41 /* ViewController.swift */,
				1A81A60929C6621F00666A41 /* Main.storyboard */,
				1A81A60C29C6622100666A41 /* Assets.xcassets */,
				1A81A60E29C6622100666A41 /* LaunchScreen.storyboard */,
				1A81A61129C6622100666A41 /* Info.plist */,
				1A81A61729C669A400666A41 /* wondersTableViewCell.swift */,
				1A81A61829C669A400666A41 /* wondersTableViewCell.xib */,
				1ACC18C929C6773D00AF87BB /* wondersViewController.swift */,
			);
			path = sevenWonders;
			sourceTree = "<group>";
		};
/* End PBXGroup section */

/* Begin PBXNativeTarget section */
		1A81A5FF29C6621F00666A41 /* sevenWonders */ = {
			isa = PBXNativeTarget;
			buildConfigurationList = 1A81A61429C6622100666A41 /* Build configuration list for PBXNativeTarget "sevenWonders" */;
			buildPhases = (
				1A81A5FC29C6621F00666A41 /* Sources */,
				1A81A5FD29C6621F00666A41 /* Frameworks */,
				1A81A5FE29C6621F00666A41 /* Resources */,
			);
			buildRules = (
			);
			dependencies = (
			);
			name = sevenWonders;
			productName = sevenWonders;
			productReference = 1A81A60029C6621F00666A41 /* sevenWonders.app */;
			productType = "com.apple.product-type.application";
		};
/* End PBXNativeTarget section */

/* Begin PBXProject section */
		1A81A5F829C6621F00666A41 /* Project object */ = {
			isa = PBXProject;
			attributes = {
				BuildIndependentTargetsInParallel = 1;
				LastSwiftUpdateCheck = 1420;
				LastUpgradeCheck = 1420;
				TargetAttributes = {
					1A81A5FF29C6621F00666A41 = {
						CreatedOnToolsVersion = 14.2;
					};
				};
			};
			buildConfigurationList = 1A81A5FB29C6621F00666A41 /* Build configuration list for PBXProject "sevenWonders" */;
			compatibilityVersion = "Xcode 14.0";
			developmentRegion = en;
			hasScannedForEncodings = 0;
			knownRegions = (
				en,
				Base,
			);
			mainGroup = 1A81A5F729C6621F00666A41;
			productRefGroup = 1A81A60129C6621F00666A41 /* Products */;
			projectDirPath = "";
			projectRoot = "";
			targets = (
				1A81A5FF29C6621F00666A41 /* sevenWonders */,
			);
		};
/* End PBXProject section */

/* Begin PBXResourcesBuildPhase section */
		1A81A5FE29C6621F00666A41 /* Resources */ = {
			isa = PBXResourcesBuildPhase;
			buildActionMask = 2147483647;
			files = (
				1A81A61029C6622100666A41 /* LaunchScreen.storyboard in Resources */,
				1A81A60D29C6622100666A41 /* Assets.xcassets in Resources */,
				1A81A61A29C669A400666A41 /* wondersTableViewCell.xib in Resources */,
				1A81A60B29C6621F00666A41 /* Main.storyboard in Resources */,
			);
			runOnlyForDeploymentPostprocessing = 0;
		};
/* End PBXResourcesBuildPhase section */

/* Begin PBXSourcesBuildPhase section */
		1A81A5FC29C6621F00666A41 /* Sources */ = {
			isa = PBXSourcesBuildPhase;
			buildActionMask = 2147483647;
			files = (
				1A81A60829C6621F00666A41 /* ViewController.swift in Sources */,
				1A81A60429C6621F00666A41 /* AppDelegate.swift in Sources */,
				1ACC18CA29C6773D00AF87BB /* wondersViewController.swift in Sources */,
				1A81A61929C669A400666A41 /* wondersTableViewCell.swift in Sources */,
				1A81A60629C6621F00666A41 /* SceneDelegate.swift in Sources */,
			);
			runOnlyForDeploymentPostprocessing = 0;
		};
/* End PBXSourcesBuildPhase section */

/* Begin PBXVariantGroup section */
		1A81A60929C6621F00666A41 /* Main.storyboard */ = {
			isa = PBXVariantGroup;
			children = (
				1A81A60A29C6621F00666A41 /* Base */,
			);
			name = Main.storyboard;
			sourceTree = "<group>";
		};
		1A81A60E29C6622100666A41 /* LaunchScreen.storyboard */ = {
			isa = PBXVariantGroup;
			children = (
				1A81A60F29C6622100666A41 /* Base */,
			);
			name = LaunchScreen.storyboard;
			sourceTree = "<group>";
		};
/* End PBXVariantGroup section */

/* Begin XCBuildConfiguration section */
		1A81A61229C6622100666A41 /* Debug */ = {
			isa = XCBuildConfiguration;
			buildSettings = {
				ALWAYS_SEARCH_USER_PATHS = NO;
				CLANG_ANALYZER_NONNULL = YES;
				CLANG_ANALYZER_NUMBER_OBJECT_CONVERSION = YES_AGGRESSIVE;
				CLANG_CXX_LANGUAGE_STANDARD = "gnu++20";
				CLANG_ENABLE_MODULES = YES;
				CLANG_ENABLE_OBJC_ARC = YES;
				CLANG_ENABLE_OBJC_WEAK = YES;
				CLANG_WARN_BLOCK_CAPTURE_AUTORELEASING = YES;
				CLANG_WARN_BOOL_CONVERSION = YES;
				CLANG_WARN_COMMA = YES;
				CLANG_WARN_CONSTANT_CONVERSION = YES;
				CLANG_WARN_DEPRECATED_OBJC_IMPLEMENTATIONS = YES;
				CLANG_WARN_DIRECT_OBJC_ISA_USAGE = YES_ERROR;
				CLANG_WARN_DOCUMENTATION_COMMENTS = YES;
				CLANG_WARN_EMPTY_BODY = YES;
				CLANG_WARN_ENUM_CONVERSION = YES;
				CLANG_WARN_INFINITE_RECURSION = YES;
				CLANG_WARN_INT_CONVERSION = YES;
				CLANG_WARN_NON_LITERAL_NULL_CONVERSION = YES;
				CLANG_WARN_OBJC_IMPLICIT_RETAIN_SELF = YES;
				CLANG_WARN_OBJC_LITERAL_CONVERSION = YES;
				CLANG_WARN_OBJC_ROOT_CLASS = YES_ERROR;
				CLANG_WARN_QUOTED_INCLUDE_IN_FRAMEWORK_HEADER = YES;
				CLANG_WARN_RANGE_LOOP_ANALYSIS = YES;
				CLANG_WARN_STRICT_PROTOTYPES = YES;
				CLANG_WARN_SUSPICIOUS_MOVE = YES;
				CLANG_WARN_UNGUARDED_AVAILABILITY = YES_AGGRESSIVE;
				CLANG_WARN_UNREACHABLE_CODE = YES;
				CLANG_WARN__DUPLICATE_METHOD_MATCH = YES;
				COPY_PHASE_STRIP = NO;
				DEBUG_INFORMATION_FORMAT = dwarf;
				ENABLE_STRICT_OBJC_MSGSEND = YES;
				ENABLE_TESTABILITY = YES;
				GCC_C_LANGUAGE_STANDARD = gnu11;
				GCC_DYNAMIC_NO_PIC = NO;
				GCC_NO_COMMON_BLOCKS = YES;
				GCC_OPTIMIZATION_LEVEL = 0;
				GCC_PREPROCESSOR_DEFINITIONS = (
					"DEBUG=1",
					"$(inherited)",
				);
				GCC_WARN_64_TO_32_BIT_CONVERSION = YES;
				GCC_WARN_ABOUT_RETURN_TYPE = YES_ERROR;
				GCC_WARN_UNDECLARED_SELECTOR = YES;
				GCC_WARN_UNINITIALIZED_AUTOS = YES_AGGRESSIVE;
				GCC_WARN_UNUSED_FUNCTION = YES;
				GCC_WARN_UNUSED_VARIABLE = YES;
				IPHONEOS_DEPLOYMENT_TARGET = 16.2;
				MTL_ENABLE_DEBUG_INFO = INCLUDE_SOURCE;
				MTL_FAST_MATH = YES;
				ONLY_ACTIVE_ARCH = YES;
				SDKROOT = iphoneos;
				SWIFT_ACTIVE_COMPILATION_CONDITIONS = DEBUG;
				SWIFT_OPTIMIZATION_LEVEL = "-Onone";
			};
			name = Debug;
		};
		1A81A61329C6622100666A41 /* Release */ = {
			isa = XCBuildConfiguration;
			buildSettings = {
				ALWAYS_SEARCH_USER_PATHS = NO;
				CLANG_ANALYZER_NONNULL = YES;
				CLANG_ANALYZER_NUMBER_OBJECT_CONVERSION = YES_AGGRESSIVE;
				CLANG_CXX_LANGUAGE_STANDARD = "gnu++20";
				CLANG_ENABLE_MODULES = YES;
				CLANG_ENABLE_OBJC_ARC = YES;
				CLANG_ENABLE_OBJC_WEAK = YES;
				CLANG_WARN_BLOCK_CAPTURE_AUTORELEASING = YES;
				CLANG_WARN_BOOL_CONVERSION = YES;
				CLANG_WARN_COMMA = YES;
				CLANG_WARN_CONSTANT_CONVERSION = YES;
				CLANG_WARN_DEPRECATED_OBJC_IMPLEMENTATIONS = YES;
				CLANG_WARN_DIRECT_OBJC_ISA_USAGE = YES_ERROR;
				CLANG_WARN_DOCUMENTATION_COMMENTS = YES;
				CLANG_WARN_EMPTY_BODY = YES;
				CLANG_WARN_ENUM_CONVERSION = YES;
				CLANG_WARN_INFINITE_RECURSION = YES;
				CLANG_WARN_INT_CONVERSION = YES;
				CLANG_WARN_NON_LITERAL_NULL_CONVERSION = YES;
				CLANG_WARN_OBJC_IMPLICIT_RETAIN_SELF = YES;
				CLANG_WARN_OBJC_LITERAL_CONVERSION = YES;
				CLANG_WARN_OBJC_ROOT_CLASS = YES_ERROR;
				CLANG_WARN_QUOTED_INCLUDE_IN_FRAMEWORK_HEADER = YES;
				CLANG_WARN_RANGE_LOOP_ANALYSIS = YES;
				CLANG_WARN_STRICT_PROTOTYPES = YES;
				CLANG_WARN_SUSPICIOUS_MOVE = YES;
				CLANG_WARN_UNGUARDED_AVAILABILITY = YES_AGGRESSIVE;
				CLANG_WARN_UNREACHABLE_CODE = YES;
				CLANG_WARN__DUPLICATE_METHOD_MATCH = YES;
				COPY_PHASE_STRIP = NO;
				DEBUG_INFORMATION_FORMAT = "dwarf-with-dsym";
				ENABLE_NS_ASSERTIONS = NO;
				ENABLE_STRICT_OBJC_MSGSEND = YES;
				GCC_C_LANGUAGE_STANDARD = gnu11;
				GCC_NO_COMMON_BLOCKS = YES;
				GCC_WARN_64_TO_32_BIT_CONVERSION = YES;
				GCC_WARN_ABOUT_RETURN_TYPE = YES_ERROR;
				GCC_WARN_UNDECLARED_SELECTOR = YES;
				GCC_WARN_UNINITIALIZED_AUTOS = YES_AGGRESSIVE;
				GCC_WARN_UNUSED_FUNCTION = YES;
				GCC_WARN_UNUSED_VARIABLE = YES;
				IPHONEOS_DEPLOYMENT_TARGET = 16.2;
				MTL_ENABLE_DEBUG_INFO = NO;
				MTL_FAST_MATH = YES;
				SDKROOT = iphoneos;
				SWIFT_COMPILATION_MODE = wholemodule;
				SWIFT_OPTIMIZATION_LEVEL = "-O";
				VALIDATE_PRODUCT = YES;
			};
			name = Release;
		};
		1A81A61529C6622100666A41 /* Debug */ = {
			isa = XCBuildConfiguration;
			buildSettings = {
				ASSETCATALOG_COMPILER_APPICON_NAME = AppIcon;
				ASSETCATALOG_COMPILER_GLOBAL_ACCENT_COLOR_NAME = AccentColor;
				CODE_SIGN_STYLE = Automatic;
				CURRENT_PROJECT_VERSION = 1;
				DEVELOPMENT_TEAM = FHJ4624BJ7;
				GENERATE_INFOPLIST_FILE = YES;
				INFOPLIST_FILE = sevenWonders/Info.plist;
				INFOPLIST_KEY_UIApplicationSupportsIndirectInputEvents = YES;
				INFOPLIST_KEY_UILaunchStoryboardName = LaunchScreen;
				INFOPLIST_KEY_UIMainStoryboardFile = Main;
				INFOPLIST_KEY_UISupportedInterfaceOrientations_iPad = "UIInterfaceOrientationPortrait UIInterfaceOrientationPortraitUpsideDown UIInterfaceOrientationLandscapeLeft UIInterfaceOrientationLandscapeRight";
				INFOPLIST_KEY_UISupportedInterfaceOrientations_iPhone = "UIInterfaceOrientationPortrait UIInterfaceOrientationLandscapeLeft UIInterfaceOrientationLandscapeRight";
				LD_RUNPATH_SEARCH_PATHS = (
					"$(inherited)",
					"@executable_path/Frameworks",
				);
				MARKETING_VERSION = 1.0;
				PRODUCT_BUNDLE_IDENTIFIER = "edu.northeastern.Siqi-Yu.sevenWonders";
				PRODUCT_NAME = "$(TARGET_NAME)";
				SWIFT_EMIT_LOC_STRINGS = YES;
				SWIFT_VERSION = 5.0;
				TARGETED_DEVICE_FAMILY = "1,2";
			};
			name = Debug;
		};
		1A81A61629C6622100666A41 /* Release */ = {
			isa = XCBuildConfiguration;
			buildSettings = {
				ASSETCATALOG_COMPILER_APPICON_NAME = AppIcon;
				ASSETCATALOG_COMPILER_GLOBAL_ACCENT_COLOR_NAME = AccentColor;
				CODE_SIGN_STYLE = Automatic;
				CURRENT_PROJECT_VERSION = 1;
				DEVELOPMENT_TEAM = FHJ4624BJ7;
				GENERATE_INFOPLIST_FILE = YES;
				INFOPLIST_FILE = sevenWonders/Info.plist;
				INFOPLIST_KEY_UIApplicationSupportsIndirectInputEvents = YES;
				INFOPLIST_KEY_UILaunchStoryboardName = LaunchScreen;
				INFOPLIST_KEY_UIMainStoryboardFile = Main;
				INFOPLIST_KEY_UISupportedInterfaceOrientations_iPad = "UIInterfaceOrientationPortrait UIInterfaceOrientationPortraitUpsideDown UIInterfaceOrientationLandscapeLeft UIInterfaceOrientationLandscapeRight";
				INFOPLIST_KEY_UISupportedInterfaceOrientations_iPhone = "UIInterfaceOrientationPortrait UIInterfaceOrientationLandscapeLeft UIInterfaceOrientationLandscapeRight";
				LD_RUNPATH_SEARCH_PATHS = (
					"$(inherited)",
					"@executable_path/Frameworks",
				);
				MARKETING_VERSION = 1.0;
				PRODUCT_BUNDLE_IDENTIFIER = "edu.northeastern.Siqi-Yu.sevenWonders";
				PRODUCT_NAME = "$(TARGET_NAME)";
				SWIFT_EMIT_LOC_STRINGS = YES;
				SWIFT_VERSION = 5.0;
				TARGETED_DEVICE_FAMILY = "1,2";
			};
			name = Release;
		};
/* End XCBuildConfiguration section */

/* Begin XCConfigurationList section */
		1A81A5FB29C6621F00666A41 /* Build configuration list for PBXProject "sevenWonders" */ = {
			isa = XCConfigurationList;
			buildConfigurations = (
				1A81A61229C6622100666A41 /* Debug */,
				1A81A61329C6622100666A41 /* Release */,
			);
			defaultConfigurationIsVisible = 0;
			defaultConfigurationName = Release;
		};
		1A81A61429C6622100666A41 /* Build configuration list for PBXNativeTarget "sevenWonders" */ = {
			isa = XCConfigurationList;
			buildConfigurations = (
				1A81A61529C6622100666A41 /* Debug */,
				1A81A61629C6622100666A41 /* Release */,
			);
			defaultConfigurationIsVisible = 0;
			defaultConfigurationName = Release;
		};
/* End XCConfigurationList section */
	};
	rootObject = 1A81A5F829C6621F00666A41 /* Project object */;
}
