// !$*UTF8*$!
{
	archiveVersion = 1;
	classes = {
	};
	objectVersion = 56;
	objects = {

/* Begin PBXBuildFile section */
		053768C42982DE2395F61284 /* Pods_LocalDBUsingRealm.framework in Frameworks */ = {isa = PBXBuildFile; fileRef = F108304F4889A075ECC97BE5 /* Pods_LocalDBUsingRealm.framework */; };
		1A64F20429A2A7A30081D5D2 /* StockPrice.swift in Sources */ = {isa = PBXBuildFile; fileRef = 1A64F20329A2A7A30081D5D2 /* StockPrice.swift */; };
		1AA6C2C829A186B30049B94D /* AppDelegate.swift in Sources */ = {isa = PBXBuildFile; fileRef = 1AA6C2C729A186B30049B94D /* AppDelegate.swift */; };
		1AA6C2CA29A186B30049B94D /* SceneDelegate.swift in Sources */ = {isa = PBXBuildFile; fileRef = 1AA6C2C929A186B30049B94D /* SceneDelegate.swift */; };
		1AA6C2CC29A186B30049B94D /* ViewController.swift in Sources */ = {isa = PBXBuildFile; fileRef = 1AA6C2CB29A186B30049B94D /* ViewController.swift */; };
		1AA6C2CF29A186B30049B94D /* Main.storyboard in Resources */ = {isa = PBXBuildFile; fileRef = 1AA6C2CD29A186B30049B94D /* Main.storyboard */; };
		1AA6C2D129A186B40049B94D /* Assets.xcassets in Resources */ = {isa = PBXBuildFile; fileRef = 1AA6C2D029A186B40049B94D /* Assets.xcassets */; };
		1AA6C2D429A186B40049B94D /* LaunchScreen.storyboard in Resources */ = {isa = PBXBuildFile; fileRef = 1AA6C2D229A186B40049B94D /* LaunchScreen.storyboard */; };
/* End PBXBuildFile section */

/* Begin PBXFileReference section */
		1A64F20329A2A7A30081D5D2 /* StockPrice.swift */ = {isa = PBXFileReference; lastKnownFileType = sourcecode.swift; path = StockPrice.swift; sourceTree = "<group>"; };
		1AA6C2C429A186B30049B94D /* LocalDBUsingRealm.app */ = {isa = PBXFileReference; explicitFileType = wrapper.application; includeInIndex = 0; path = LocalDBUsingRealm.app; sourceTree = BUILT_PRODUCTS_DIR; };
		1AA6C2C729A186B30049B94D /* AppDelegate.swift */ = {isa = PBXFileReference; lastKnownFileType = sourcecode.swift; path = AppDelegate.swift; sourceTree = "<group>"; };
		1AA6C2C929A186B30049B94D /* SceneDelegate.swift */ = {isa = PBXFileReference; lastKnownFileType = sourcecode.swift; path = SceneDelegate.swift; sourceTree = "<group>"; };
		1AA6C2CB29A186B30049B94D /* ViewController.swift */ = {isa = PBXFileReference; lastKnownFileType = sourcecode.swift; path = ViewController.swift; sourceTree = "<group>"; };
		1AA6C2CE29A186B30049B94D /* Base */ = {isa = PBXFileReference; lastKnownFileType = file.storyboard; name = Base; path = Base.lproj/Main.storyboard; sourceTree = "<group>"; };
		1AA6C2D029A186B40049B94D /* Assets.xcassets */ = {isa = PBXFileReference; lastKnownFileType = folder.assetcatalog; path = Assets.xcassets; sourceTree = "<group>"; };
		1AA6C2D329A186B40049B94D /* Base */ = {isa = PBXFileReference; lastKnownFileType = file.storyboard; name = Base; path = Base.lproj/LaunchScreen.storyboard; sourceTree = "<group>"; };
		1AA6C2D529A186B40049B94D /* Info.plist */ = {isa = PBXFileReference; lastKnownFileType = text.plist.xml; path = Info.plist; sourceTree = "<group>"; };
		4FD1619BB938D2150766C75D /* Pods-LocalDBUsingRealm.debug.xcconfig */ = {isa = PBXFileReference; includeInIndex = 1; lastKnownFileType = text.xcconfig; name = "Pods-LocalDBUsingRealm.debug.xcconfig"; path = "Target Support Files/Pods-LocalDBUsingRealm/Pods-LocalDBUsingRealm.debug.xcconfig"; sourceTree = "<group>"; };
		E5A5AB0372D65E7A7D77CB0E /* Pods-LocalDBUsingRealm.release.xcconfig */ = {isa = PBXFileReference; includeInIndex = 1; lastKnownFileType = text.xcconfig; name = "Pods-LocalDBUsingRealm.release.xcconfig"; path = "Target Support Files/Pods-LocalDBUsingRealm/Pods-LocalDBUsingRealm.release.xcconfig"; sourceTree = "<group>"; };
		F108304F4889A075ECC97BE5 /* Pods_LocalDBUsingRealm.framework */ = {isa = PBXFileReference; explicitFileType = wrapper.framework; includeInIndex = 0; path = Pods_LocalDBUsingRealm.framework; sourceTree = BUILT_PRODUCTS_DIR; };
/* End PBXFileReference section */

/* Begin PBXFrameworksBuildPhase section */
		1AA6C2C129A186B30049B94D /* Frameworks */ = {
			isa = PBXFrameworksBuildPhase;
			buildActionMask = 2147483647;
			files = (
				053768C42982DE2395F61284 /* Pods_LocalDBUsingRealm.framework in Frameworks */,
			);
			runOnlyForDeploymentPostprocessing = 0;
		};
/* End PBXFrameworksBuildPhase section */

/* Begin PBXGroup section */
		1AA6C2BB29A186B30049B94D = {
			isa = PBXGroup;
			children = (
				1AA6C2C629A186B30049B94D /* LocalDBUsingRealm */,
				1AA6C2C529A186B30049B94D /* Products */,
				D66BD3A9FFB9F91DAC0309E7 /* Pods */,
				F11AF0C7C0C6B30324F8A306 /* Frameworks */,
			);
			sourceTree = "<group>";
		};
		1AA6C2C529A186B30049B94D /* Products */ = {
			isa = PBXGroup;
			children = (
				1AA6C2C429A186B30049B94D /* LocalDBUsingRealm.app */,
			);
			name = Products;
			sourceTree = "<group>";
		};
		1AA6C2C629A186B30049B94D /* LocalDBUsingRealm */ = {
			isa = PBXGroup;
			children = (
				1AA6C2C729A186B30049B94D /* AppDelegate.swift */,
				1AA6C2C929A186B30049B94D /* SceneDelegate.swift */,
				1AA6C2CB29A186B30049B94D /* ViewController.swift */,
				1AA6C2CD29A186B30049B94D /* Main.storyboard */,
				1AA6C2D029A186B40049B94D /* Assets.xcassets */,
				1AA6C2D229A186B40049B94D /* LaunchScreen.storyboard */,
				1AA6C2D529A186B40049B94D /* Info.plist */,
				1A64F20329A2A7A30081D5D2 /* StockPrice.swift */,
			);
			path = LocalDBUsingRealm;
			sourceTree = "<group>";
		};
		D66BD3A9FFB9F91DAC0309E7 /* Pods */ = {
			isa = PBXGroup;
			children = (
				4FD1619BB938D2150766C75D /* Pods-LocalDBUsingRealm.debug.xcconfig */,
				E5A5AB0372D65E7A7D77CB0E /* Pods-LocalDBUsingRealm.release.xcconfig */,
			);
			path = Pods;
			sourceTree = "<group>";
		};
		F11AF0C7C0C6B30324F8A306 /* Frameworks */ = {
			isa = PBXGroup;
			children = (
				F108304F4889A075ECC97BE5 /* Pods_LocalDBUsingRealm.framework */,
			);
			name = Frameworks;
			sourceTree = "<group>";
		};
/* End PBXGroup section */

/* Begin PBXNativeTarget section */
		1AA6C2C329A186B30049B94D /* LocalDBUsingRealm */ = {
			isa = PBXNativeTarget;
			buildConfigurationList = 1AA6C2D829A186B40049B94D /* Build configuration list for PBXNativeTarget "LocalDBUsingRealm" */;
			buildPhases = (
				40EC2793A47449556A3A03F6 /* [CP] Check Pods Manifest.lock */,
				1AA6C2C029A186B30049B94D /* Sources */,
				1AA6C2C129A186B30049B94D /* Frameworks */,
				1AA6C2C229A186B30049B94D /* Resources */,
				14CFF11A8B481718AD87E82C /* [CP] Embed Pods Frameworks */,
			);
			buildRules = (
			);
			dependencies = (
			);
			name = LocalDBUsingRealm;
			productName = LocalDBUsingRealm;
			productReference = 1AA6C2C429A186B30049B94D /* LocalDBUsingRealm.app */;
			productType = "com.apple.product-type.application";
		};
/* End PBXNativeTarget section */

/* Begin PBXProject section */
		1AA6C2BC29A186B30049B94D /* Project object */ = {
			isa = PBXProject;
			attributes = {
				BuildIndependentTargetsInParallel = 1;
				LastSwiftUpdateCheck = 1420;
				LastUpgradeCheck = 1420;
				TargetAttributes = {
					1AA6C2C329A186B30049B94D = {
						CreatedOnToolsVersion = 14.2;
					};
				};
			};
			buildConfigurationList = 1AA6C2BF29A186B30049B94D /* Build configuration list for PBXProject "LocalDBUsingRealm" */;
			compatibilityVersion = "Xcode 14.0";
			developmentRegion = en;
			hasScannedForEncodings = 0;
			knownRegions = (
				en,
				Base,
			);
			mainGroup = 1AA6C2BB29A186B30049B94D;
			productRefGroup = 1AA6C2C529A186B30049B94D /* Products */;
			projectDirPath = "";
			projectRoot = "";
			targets = (
				1AA6C2C329A186B30049B94D /* LocalDBUsingRealm */,
			);
		};
/* End PBXProject section */

/* Begin PBXResourcesBuildPhase section */
		1AA6C2C229A186B30049B94D /* Resources */ = {
			isa = PBXResourcesBuildPhase;
			buildActionMask = 2147483647;
			files = (
				1AA6C2D429A186B40049B94D /* LaunchScreen.storyboard in Resources */,
				1AA6C2D129A186B40049B94D /* Assets.xcassets in Resources */,
				1AA6C2CF29A186B30049B94D /* Main.storyboard in Resources */,
			);
			runOnlyForDeploymentPostprocessing = 0;
		};
/* End PBXResourcesBuildPhase section */

/* Begin PBXShellScriptBuildPhase section */
		14CFF11A8B481718AD87E82C /* [CP] Embed Pods Frameworks */ = {
			isa = PBXShellScriptBuildPhase;
			buildActionMask = 2147483647;
			files = (
			);
			inputFileListPaths = (
				"${PODS_ROOT}/Target Support Files/Pods-LocalDBUsingRealm/Pods-LocalDBUsingRealm-frameworks-${CONFIGURATION}-input-files.xcfilelist",
			);
			name = "[CP] Embed Pods Frameworks";
			outputFileListPaths = (
				"${PODS_ROOT}/Target Support Files/Pods-LocalDBUsingRealm/Pods-LocalDBUsingRealm-frameworks-${CONFIGURATION}-output-files.xcfilelist",
			);
			runOnlyForDeploymentPostprocessing = 0;
			shellPath = /bin/sh;
			shellScript = "\"${PODS_ROOT}/Target Support Files/Pods-LocalDBUsingRealm/Pods-LocalDBUsingRealm-frameworks.sh\"\n";
			showEnvVarsInLog = 0;
		};
		40EC2793A47449556A3A03F6 /* [CP] Check Pods Manifest.lock */ = {
			isa = PBXShellScriptBuildPhase;
			buildActionMask = 2147483647;
			files = (
			);
			inputFileListPaths = (
			);
			inputPaths = (
				"${PODS_PODFILE_DIR_PATH}/Podfile.lock",
				"${PODS_ROOT}/Manifest.lock",
			);
			name = "[CP] Check Pods Manifest.lock";
			outputFileListPaths = (
			);
			outputPaths = (
				"$(DERIVED_FILE_DIR)/Pods-LocalDBUsingRealm-checkManifestLockResult.txt",
			);
			runOnlyForDeploymentPostprocessing = 0;
			shellPath = /bin/sh;
			shellScript = "diff \"${PODS_PODFILE_DIR_PATH}/Podfile.lock\" \"${PODS_ROOT}/Manifest.lock\" > /dev/null\nif [ $? != 0 ] ; then\n    # print error to STDERR\n    echo \"error: The sandbox is not in sync with the Podfile.lock. Run 'pod install' or update your CocoaPods installation.\" >&2\n    exit 1\nfi\n# This output is used by Xcode 'outputs' to avoid re-running this script phase.\necho \"SUCCESS\" > \"${SCRIPT_OUTPUT_FILE_0}\"\n";
			showEnvVarsInLog = 0;
		};
/* End PBXShellScriptBuildPhase section */

/* Begin PBXSourcesBuildPhase section */
		1AA6C2C029A186B30049B94D /* Sources */ = {
			isa = PBXSourcesBuildPhase;
			buildActionMask = 2147483647;
			files = (
				1AA6C2CC29A186B30049B94D /* ViewController.swift in Sources */,
				1AA6C2C829A186B30049B94D /* AppDelegate.swift in Sources */,
				1A64F20429A2A7A30081D5D2 /* StockPrice.swift in Sources */,
				1AA6C2CA29A186B30049B94D /* SceneDelegate.swift in Sources */,
			);
			runOnlyForDeploymentPostprocessing = 0;
		};
/* End PBXSourcesBuildPhase section */

/* Begin PBXVariantGroup section */
		1AA6C2CD29A186B30049B94D /* Main.storyboard */ = {
			isa = PBXVariantGroup;
			children = (
				1AA6C2CE29A186B30049B94D /* Base */,
			);
			name = Main.storyboard;
			sourceTree = "<group>";
		};
		1AA6C2D229A186B40049B94D /* LaunchScreen.storyboard */ = {
			isa = PBXVariantGroup;
			children = (
				1AA6C2D329A186B40049B94D /* Base */,
			);
			name = LaunchScreen.storyboard;
			sourceTree = "<group>";
		};
/* End PBXVariantGroup section */

/* Begin XCBuildConfiguration section */
		1AA6C2D629A186B40049B94D /* Debug */ = {
			isa = XCBuildConfiguration;
			buildSettings = {
				ALWAYS_SEARCH_USER_PATHS = NO;
				CLANG_ANALYZER_NONNULL = YES;
				CLANG_ANALYZER_NUMBER_OBJECT_CONVERSION = YES_AGGRESSIVE;
				CLANG_CXX_LANGUAGE_STANDARD = "gnu++20";
				CLANG_ENABLE_MODULES = YES;
				CLANG_ENABLE_OBJC_ARC = YES;
				CLANG_ENABLE_OBJC_WEAK = YES;
				CLANG_WARN_BLOCK_CAPTURE_AUTORELEASING = YES;
				CLANG_WARN_BOOL_CONVERSION = YES;
				CLANG_WARN_COMMA = YES;
				CLANG_WARN_CONSTANT_CONVERSION = YES;
				CLANG_WARN_DEPRECATED_OBJC_IMPLEMENTATIONS = YES;
				CLANG_WARN_DIRECT_OBJC_ISA_USAGE = YES_ERROR;
				CLANG_WARN_DOCUMENTATION_COMMENTS = YES;
				CLANG_WARN_EMPTY_BODY = YES;
				CLANG_WARN_ENUM_CONVERSION = YES;
				CLANG_WARN_INFINITE_RECURSION = YES;
				CLANG_WARN_INT_CONVERSION = YES;
				CLANG_WARN_NON_LITERAL_NULL_CONVERSION = YES;
				CLANG_WARN_OBJC_IMPLICIT_RETAIN_SELF = YES;
				CLANG_WARN_OBJC_LITERAL_CONVERSION = YES;
				CLANG_WARN_OBJC_ROOT_CLASS = YES_ERROR;
				CLANG_WARN_QUOTED_INCLUDE_IN_FRAMEWORK_HEADER = YES;
				CLANG_WARN_RANGE_LOOP_ANALYSIS = YES;
				CLANG_WARN_STRICT_PROTOTYPES = YES;
				CLANG_WARN_SUSPICIOUS_MOVE = YES;
				CLANG_WARN_UNGUARDED_AVAILABILITY = YES_AGGRESSIVE;
				CLANG_WARN_UNREACHABLE_CODE = YES;
				CLANG_WARN__DUPLICATE_METHOD_MATCH = YES;
				COPY_PHASE_STRIP = NO;
				DEBUG_INFORMATION_FORMAT = dwarf;
				ENABLE_STRICT_OBJC_MSGSEND = YES;
				ENABLE_TESTABILITY = YES;
				GCC_C_LANGUAGE_STANDARD = gnu11;
				GCC_DYNAMIC_NO_PIC = NO;
				GCC_NO_COMMON_BLOCKS = YES;
				GCC_OPTIMIZATION_LEVEL = 0;
				GCC_PREPROCESSOR_DEFINITIONS = (
					"DEBUG=1",
					"$(inherited)",
				);
				GCC_WARN_64_TO_32_BIT_CONVERSION = YES;
				GCC_WARN_ABOUT_RETURN_TYPE = YES_ERROR;
				GCC_WARN_UNDECLARED_SELECTOR = YES;
				GCC_WARN_UNINITIALIZED_AUTOS = YES_AGGRESSIVE;
				GCC_WARN_UNUSED_FUNCTION = YES;
				GCC_WARN_UNUSED_VARIABLE = YES;
				IPHONEOS_DEPLOYMENT_TARGET = 16.2;
				MTL_ENABLE_DEBUG_INFO = INCLUDE_SOURCE;
				MTL_FAST_MATH = YES;
				ONLY_ACTIVE_ARCH = YES;
				SDKROOT = iphoneos;
				SWIFT_ACTIVE_COMPILATION_CONDITIONS = DEBUG;
				SWIFT_OPTIMIZATION_LEVEL = "-Onone";
			};
			name = Debug;
		};
		1AA6C2D729A186B40049B94D /* Release */ = {
			isa = XCBuildConfiguration;
			buildSettings = {
				ALWAYS_SEARCH_USER_PATHS = NO;
				CLANG_ANALYZER_NONNULL = YES;
				CLANG_ANALYZER_NUMBER_OBJECT_CONVERSION = YES_AGGRESSIVE;
				CLANG_CXX_LANGUAGE_STANDARD = "gnu++20";
				CLANG_ENABLE_MODULES = YES;
				CLANG_ENABLE_OBJC_ARC = YES;
				CLANG_ENABLE_OBJC_WEAK = YES;
				CLANG_WARN_BLOCK_CAPTURE_AUTORELEASING = YES;
				CLANG_WARN_BOOL_CONVERSION = YES;
				CLANG_WARN_COMMA = YES;
				CLANG_WARN_CONSTANT_CONVERSION = YES;
				CLANG_WARN_DEPRECATED_OBJC_IMPLEMENTATIONS = YES;
				CLANG_WARN_DIRECT_OBJC_ISA_USAGE = YES_ERROR;
				CLANG_WARN_DOCUMENTATION_COMMENTS = YES;
				CLANG_WARN_EMPTY_BODY = YES;
				CLANG_WARN_ENUM_CONVERSION = YES;
				CLANG_WARN_INFINITE_RECURSION = YES;
				CLANG_WARN_INT_CONVERSION = YES;
				CLANG_WARN_NON_LITERAL_NULL_CONVERSION = YES;
				CLANG_WARN_OBJC_IMPLICIT_RETAIN_SELF = YES;
				CLANG_WARN_OBJC_LITERAL_CONVERSION = YES;
				CLANG_WARN_OBJC_ROOT_CLASS = YES_ERROR;
				CLANG_WARN_QUOTED_INCLUDE_IN_FRAMEWORK_HEADER = YES;
				CLANG_WARN_RANGE_LOOP_ANALYSIS = YES;
				CLANG_WARN_STRICT_PROTOTYPES = YES;
				CLANG_WARN_SUSPICIOUS_MOVE = YES;
				CLANG_WARN_UNGUARDED_AVAILABILITY = YES_AGGRESSIVE;
				CLANG_WARN_UNREACHABLE_CODE = YES;
				CLANG_WARN__DUPLICATE_METHOD_MATCH = YES;
				COPY_PHASE_STRIP = NO;
				DEBUG_INFORMATION_FORMAT = "dwarf-with-dsym";
				ENABLE_NS_ASSERTIONS = NO;
				ENABLE_STRICT_OBJC_MSGSEND = YES;
				GCC_C_LANGUAGE_STANDARD = gnu11;
				GCC_NO_COMMON_BLOCKS = YES;
				GCC_WARN_64_TO_32_BIT_CONVERSION = YES;
				GCC_WARN_ABOUT_RETURN_TYPE = YES_ERROR;
				GCC_WARN_UNDECLARED_SELECTOR = YES;
				GCC_WARN_UNINITIALIZED_AUTOS = YES_AGGRESSIVE;
				GCC_WARN_UNUSED_FUNCTION = YES;
				GCC_WARN_UNUSED_VARIABLE = YES;
				IPHONEOS_DEPLOYMENT_TARGET = 16.2;
				MTL_ENABLE_DEBUG_INFO = NO;
				MTL_FAST_MATH = YES;
				SDKROOT = iphoneos;
				SWIFT_COMPILATION_MODE = wholemodule;
				SWIFT_OPTIMIZATION_LEVEL = "-O";
				VALIDATE_PRODUCT = YES;
			};
			name = Release;
		};
		1AA6C2D929A186B40049B94D /* Debug */ = {
			isa = XCBuildConfiguration;
			baseConfigurationReference = 4FD1619BB938D2150766C75D /* Pods-LocalDBUsingRealm.debug.xcconfig */;
			buildSettings = {
				ASSETCATALOG_COMPILER_APPICON_NAME = AppIcon;
				ASSETCATALOG_COMPILER_GLOBAL_ACCENT_COLOR_NAME = AccentColor;
				CODE_SIGN_STYLE = Automatic;
				CURRENT_PROJECT_VERSION = 1;
				DEVELOPMENT_TEAM = FHJ4624BJ7;
				GENERATE_INFOPLIST_FILE = YES;
				INFOPLIST_FILE = LocalDBUsingRealm/Info.plist;
				INFOPLIST_KEY_UIApplicationSupportsIndirectInputEvents = YES;
				INFOPLIST_KEY_UILaunchStoryboardName = LaunchScreen;
				INFOPLIST_KEY_UIMainStoryboardFile = Main;
				INFOPLIST_KEY_UISupportedInterfaceOrientations_iPad = "UIInterfaceOrientationPortrait UIInterfaceOrientationPortraitUpsideDown UIInterfaceOrientationLandscapeLeft UIInterfaceOrientationLandscapeRight";
				INFOPLIST_KEY_UISupportedInterfaceOrientations_iPhone = "UIInterfaceOrientationPortrait UIInterfaceOrientationLandscapeLeft UIInterfaceOrientationLandscapeRight";
				LD_RUNPATH_SEARCH_PATHS = (
					"$(inherited)",
					"@executable_path/Frameworks",
				);
				MARKETING_VERSION = 1.0;
				PRODUCT_BUNDLE_IDENTIFIER = "edu.northeastern.Siqi-Yu.LocalDBUsingRealm";
				PRODUCT_NAME = "$(TARGET_NAME)";
				SWIFT_EMIT_LOC_STRINGS = YES;
				SWIFT_VERSION = 5.0;
				TARGETED_DEVICE_FAMILY = "1,2";
			};
			name = Debug;
		};
		1AA6C2DA29A186B40049B94D /* Release */ = {
			isa = XCBuildConfiguration;
			baseConfigurationReference = E5A5AB0372D65E7A7D77CB0E /* Pods-LocalDBUsingRealm.release.xcconfig */;
			buildSettings = {
				ASSETCATALOG_COMPILER_APPICON_NAME = AppIcon;
				ASSETCATALOG_COMPILER_GLOBAL_ACCENT_COLOR_NAME = AccentColor;
				CODE_SIGN_STYLE = Automatic;
				CURRENT_PROJECT_VERSION = 1;
				DEVELOPMENT_TEAM = FHJ4624BJ7;
				GENERATE_INFOPLIST_FILE = YES;
				INFOPLIST_FILE = LocalDBUsingRealm/Info.plist;
				INFOPLIST_KEY_UIApplicationSupportsIndirectInputEvents = YES;
				INFOPLIST_KEY_UILaunchStoryboardName = LaunchScreen;
				INFOPLIST_KEY_UIMainStoryboardFile = Main;
				INFOPLIST_KEY_UISupportedInterfaceOrientations_iPad = "UIInterfaceOrientationPortrait UIInterfaceOrientationPortraitUpsideDown UIInterfaceOrientationLandscapeLeft UIInterfaceOrientationLandscapeRight";
				INFOPLIST_KEY_UISupportedInterfaceOrientations_iPhone = "UIInterfaceOrientationPortrait UIInterfaceOrientationLandscapeLeft UIInterfaceOrientationLandscapeRight";
				LD_RUNPATH_SEARCH_PATHS = (
					"$(inherited)",
					"@executable_path/Frameworks",
				);
				MARKETING_VERSION = 1.0;
				PRODUCT_BUNDLE_IDENTIFIER = "edu.northeastern.Siqi-Yu.LocalDBUsingRealm";
				PRODUCT_NAME = "$(TARGET_NAME)";
				SWIFT_EMIT_LOC_STRINGS = YES;
				SWIFT_VERSION = 5.0;
				TARGETED_DEVICE_FAMILY = "1,2";
			};
			name = Release;
		};
/* End XCBuildConfiguration section */

/* Begin XCConfigurationList section */
		1AA6C2BF29A186B30049B94D /* Build configuration list for PBXProject "LocalDBUsingRealm" */ = {
			isa = XCConfigurationList;
			buildConfigurations = (
				1AA6C2D629A186B40049B94D /* Debug */,
				1AA6C2D729A186B40049B94D /* Release */,
			);
			defaultConfigurationIsVisible = 0;
			defaultConfigurationName = Release;
		};
		1AA6C2D829A186B40049B94D /* Build configuration list for PBXNativeTarget "LocalDBUsingRealm" */ = {
			isa = XCConfigurationList;
			buildConfigurations = (
				1AA6C2D929A186B40049B94D /* Debug */,
				1AA6C2DA29A186B40049B94D /* Release */,
			);
			defaultConfigurationIsVisible = 0;
			defaultConfigurationName = Release;
		};
/* End XCConfigurationList section */
	};
	rootObject = 1AA6C2BC29A186B30049B94D /* Project object */;
}
