// !$*UTF8*$!
{
	archiveVersion = 1;
	classes = {
	};
	objectVersion = 56;
	objects = {

/* Begin PBXBuildFile section */
		1ACC18D829C6826E00AF87BB /* AppDelegate.swift in Sources */ = {isa = PBXBuildFile; fileRef = 1ACC18D729C6826E00AF87BB /* AppDelegate.swift */; };
		1ACC18DA29C6826E00AF87BB /* SceneDelegate.swift in Sources */ = {isa = PBXBuildFile; fileRef = 1ACC18D929C6826E00AF87BB /* SceneDelegate.swift */; };
		1ACC18DC29C6826E00AF87BB /* ViewController.swift in Sources */ = {isa = PBXBuildFile; fileRef = 1ACC18DB29C6826E00AF87BB /* ViewController.swift */; };
		1ACC18DF29C6826E00AF87BB /* Main.storyboard in Resources */ = {isa = PBXBuildFile; fileRef = 1ACC18DD29C6826E00AF87BB /* Main.storyboard */; };
		1ACC18E129C6826F00AF87BB /* Assets.xcassets in Resources */ = {isa = PBXBuildFile; fileRef = 1ACC18E029C6826F00AF87BB /* Assets.xcassets */; };
		1ACC18E429C6826F00AF87BB /* LaunchScreen.storyboard in Resources */ = {isa = PBXBuildFile; fileRef = 1ACC18E229C6826F00AF87BB /* LaunchScreen.storyboard */; };
		1ACC18EC29C6866300AF87BB /* constance.swift in Sources */ = {isa = PBXBuildFile; fileRef = 1ACC18EB29C6866300AF87BB /* constance.swift */; };
		F15E62C6EAB848D17401997C /* Pods_companyInformation.framework in Frameworks */ = {isa = PBXBuildFile; fileRef = 2F544DDA4E6BC5F2E01D5A84 /* Pods_companyInformation.framework */; };
/* End PBXBuildFile section */

/* Begin PBXFileReference section */
		1ACC18D429C6826E00AF87BB /* companyInformation.app */ = {isa = PBXFileReference; explicitFileType = wrapper.application; includeInIndex = 0; path = companyInformation.app; sourceTree = BUILT_PRODUCTS_DIR; };
		1ACC18D729C6826E00AF87BB /* AppDelegate.swift */ = {isa = PBXFileReference; lastKnownFileType = sourcecode.swift; path = AppDelegate.swift; sourceTree = "<group>"; };
		1ACC18D929C6826E00AF87BB /* SceneDelegate.swift */ = {isa = PBXFileReference; lastKnownFileType = sourcecode.swift; path = SceneDelegate.swift; sourceTree = "<group>"; };
		1ACC18DB29C6826E00AF87BB /* ViewController.swift */ = {isa = PBXFileReference; lastKnownFileType = sourcecode.swift; path = ViewController.swift; sourceTree = "<group>"; };
		1ACC18DE29C6826E00AF87BB /* Base */ = {isa = PBXFileReference; lastKnownFileType = file.storyboard; name = Base; path = Base.lproj/Main.storyboard; sourceTree = "<group>"; };
		1ACC18E029C6826F00AF87BB /* Assets.xcassets */ = {isa = PBXFileReference; lastKnownFileType = folder.assetcatalog; path = Assets.xcassets; sourceTree = "<group>"; };
		1ACC18E329C6826F00AF87BB /* Base */ = {isa = PBXFileReference; lastKnownFileType = file.storyboard; name = Base; path = Base.lproj/LaunchScreen.storyboard; sourceTree = "<group>"; };
		1ACC18E529C6826F00AF87BB /* Info.plist */ = {isa = PBXFileReference; lastKnownFileType = text.plist.xml; path = Info.plist; sourceTree = "<group>"; };
		1ACC18EB29C6866300AF87BB /* constance.swift */ = {isa = PBXFileReference; lastKnownFileType = sourcecode.swift; path = constance.swift; sourceTree = "<group>"; };
		2F544DDA4E6BC5F2E01D5A84 /* Pods_companyInformation.framework */ = {isa = PBXFileReference; explicitFileType = wrapper.framework; includeInIndex = 0; path = Pods_companyInformation.framework; sourceTree = BUILT_PRODUCTS_DIR; };
		6A8F4C12C5521171767A8AA7 /* Pods-companyInformation.debug.xcconfig */ = {isa = PBXFileReference; includeInIndex = 1; lastKnownFileType = text.xcconfig; name = "Pods-companyInformation.debug.xcconfig"; path = "Target Support Files/Pods-companyInformation/Pods-companyInformation.debug.xcconfig"; sourceTree = "<group>"; };
		8C6B81F0739EB5F04DC8D0F2 /* Pods-companyInformation.release.xcconfig */ = {isa = PBXFileReference; includeInIndex = 1; lastKnownFileType = text.xcconfig; name = "Pods-companyInformation.release.xcconfig"; path = "Target Support Files/Pods-companyInformation/Pods-companyInformation.release.xcconfig"; sourceTree = "<group>"; };
/* End PBXFileReference section */

/* Begin PBXFrameworksBuildPhase section */
		1ACC18D129C6826E00AF87BB /* Frameworks */ = {
			isa = PBXFrameworksBuildPhase;
			buildActionMask = 2147483647;
			files = (
				F15E62C6EAB848D17401997C /* Pods_companyInformation.framework in Frameworks */,
			);
			runOnlyForDeploymentPostprocessing = 0;
		};
/* End PBXFrameworksBuildPhase section */

/* Begin PBXGroup section */
		1ACC18CB29C6826E00AF87BB = {
			isa = PBXGroup;
			children = (
				1ACC18D629C6826E00AF87BB /* companyInformation */,
				1ACC18D529C6826E00AF87BB /* Products */,
				5CF2159D4183B3EBC7F4C261 /* Pods */,
				D7C8AE09D5B6B395D549A24B /* Frameworks */,
			);
			sourceTree = "<group>";
		};
		1ACC18D529C6826E00AF87BB /* Products */ = {
			isa = PBXGroup;
			children = (
				1ACC18D429C6826E00AF87BB /* companyInformation.app */,
			);
			name = Products;
			sourceTree = "<group>";
		};
		1ACC18D629C6826E00AF87BB /* companyInformation */ = {
			isa = PBXGroup;
			children = (
				1ACC18D729C6826E00AF87BB /* AppDelegate.swift */,
				1ACC18D929C6826E00AF87BB /* SceneDelegate.swift */,
				1ACC18DB29C6826E00AF87BB /* ViewController.swift */,
				1ACC18DD29C6826E00AF87BB /* Main.storyboard */,
				1ACC18E029C6826F00AF87BB /* Assets.xcassets */,
				1ACC18E229C6826F00AF87BB /* LaunchScreen.storyboard */,
				1ACC18E529C6826F00AF87BB /* Info.plist */,
				1ACC18EB29C6866300AF87BB /* constance.swift */,
			);
			path = companyInformation;
			sourceTree = "<group>";
		};
		5CF2159D4183B3EBC7F4C261 /* Pods */ = {
			isa = PBXGroup;
			children = (
				6A8F4C12C5521171767A8AA7 /* Pods-companyInformation.debug.xcconfig */,
				8C6B81F0739EB5F04DC8D0F2 /* Pods-companyInformation.release.xcconfig */,
			);
			path = Pods;
			sourceTree = "<group>";
		};
		D7C8AE09D5B6B395D549A24B /* Frameworks */ = {
			isa = PBXGroup;
			children = (
				2F544DDA4E6BC5F2E01D5A84 /* Pods_companyInformation.framework */,
			);
			name = Frameworks;
			sourceTree = "<group>";
		};
/* End PBXGroup section */

/* Begin PBXNativeTarget section */
		1ACC18D329C6826E00AF87BB /* companyInformation */ = {
			isa = PBXNativeTarget;
			buildConfigurationList = 1ACC18E829C6826F00AF87BB /* Build configuration list for PBXNativeTarget "companyInformation" */;
			buildPhases = (
				CDAC0081B5B772D001DCF395 /* [CP] Check Pods Manifest.lock */,
				1ACC18D029C6826E00AF87BB /* Sources */,
				1ACC18D129C6826E00AF87BB /* Frameworks */,
				1ACC18D229C6826E00AF87BB /* Resources */,
				D89371F58B304F8FE06A52F2 /* [CP] Embed Pods Frameworks */,
			);
			buildRules = (
			);
			dependencies = (
			);
			name = companyInformation;
			productName = companyInformation;
			productReference = 1ACC18D429C6826E00AF87BB /* companyInformation.app */;
			productType = "com.apple.product-type.application";
		};
/* End PBXNativeTarget section */

/* Begin PBXProject section */
		1ACC18CC29C6826E00AF87BB /* Project object */ = {
			isa = PBXProject;
			attributes = {
				BuildIndependentTargetsInParallel = 1;
				LastSwiftUpdateCheck = 1420;
				LastUpgradeCheck = 1420;
				TargetAttributes = {
					1ACC18D329C6826E00AF87BB = {
						CreatedOnToolsVersion = 14.2;
					};
				};
			};
			buildConfigurationList = 1ACC18CF29C6826E00AF87BB /* Build configuration list for PBXProject "companyInformation" */;
			compatibilityVersion = "Xcode 14.0";
			developmentRegion = en;
			hasScannedForEncodings = 0;
			knownRegions = (
				en,
				Base,
			);
			mainGroup = 1ACC18CB29C6826E00AF87BB;
			productRefGroup = 1ACC18D529C6826E00AF87BB /* Products */;
			projectDirPath = "";
			projectRoot = "";
			targets = (
				1ACC18D329C6826E00AF87BB /* companyInformation */,
			);
		};
/* End PBXProject section */

/* Begin PBXResourcesBuildPhase section */
		1ACC18D229C6826E00AF87BB /* Resources */ = {
			isa = PBXResourcesBuildPhase;
			buildActionMask = 2147483647;
			files = (
				1ACC18E429C6826F00AF87BB /* LaunchScreen.storyboard in Resources */,
				1ACC18E129C6826F00AF87BB /* Assets.xcassets in Resources */,
				1ACC18DF29C6826E00AF87BB /* Main.storyboard in Resources */,
			);
			runOnlyForDeploymentPostprocessing = 0;
		};
/* End PBXResourcesBuildPhase section */

/* Begin PBXShellScriptBuildPhase section */
		CDAC0081B5B772D001DCF395 /* [CP] Check Pods Manifest.lock */ = {
			isa = PBXShellScriptBuildPhase;
			buildActionMask = 2147483647;
			files = (
			);
			inputFileListPaths = (
			);
			inputPaths = (
				"${PODS_PODFILE_DIR_PATH}/Podfile.lock",
				"${PODS_ROOT}/Manifest.lock",
			);
			name = "[CP] Check Pods Manifest.lock";
			outputFileListPaths = (
			);
			outputPaths = (
				"$(DERIVED_FILE_DIR)/Pods-companyInformation-checkManifestLockResult.txt",
			);
			runOnlyForDeploymentPostprocessing = 0;
			shellPath = /bin/sh;
			shellScript = "diff \"${PODS_PODFILE_DIR_PATH}/Podfile.lock\" \"${PODS_ROOT}/Manifest.lock\" > /dev/null\nif [ $? != 0 ] ; then\n    # print error to STDERR\n    echo \"error: The sandbox is not in sync with the Podfile.lock. Run 'pod install' or update your CocoaPods installation.\" >&2\n    exit 1\nfi\n# This output is used by Xcode 'outputs' to avoid re-running this script phase.\necho \"SUCCESS\" > \"${SCRIPT_OUTPUT_FILE_0}\"\n";
			showEnvVarsInLog = 0;
		};
		D89371F58B304F8FE06A52F2 /* [CP] Embed Pods Frameworks */ = {
			isa = PBXShellScriptBuildPhase;
			buildActionMask = 2147483647;
			files = (
			);
			inputFileListPaths = (
				"${PODS_ROOT}/Target Support Files/Pods-companyInformation/Pods-companyInformation-frameworks-${CONFIGURATION}-input-files.xcfilelist",
			);
			name = "[CP] Embed Pods Frameworks";
			outputFileListPaths = (
				"${PODS_ROOT}/Target Support Files/Pods-companyInformation/Pods-companyInformation-frameworks-${CONFIGURATION}-output-files.xcfilelist",
			);
			runOnlyForDeploymentPostprocessing = 0;
			shellPath = /bin/sh;
			shellScript = "\"${PODS_ROOT}/Target Support Files/Pods-companyInformation/Pods-companyInformation-frameworks.sh\"\n";
			showEnvVarsInLog = 0;
		};
/* End PBXShellScriptBuildPhase section */

/* Begin PBXSourcesBuildPhase section */
		1ACC18D029C6826E00AF87BB /* Sources */ = {
			isa = PBXSourcesBuildPhase;
			buildActionMask = 2147483647;
			files = (
				1ACC18EC29C6866300AF87BB /* constance.swift in Sources */,
				1ACC18DC29C6826E00AF87BB /* ViewController.swift in Sources */,
				1ACC18D829C6826E00AF87BB /* AppDelegate.swift in Sources */,
				1ACC18DA29C6826E00AF87BB /* SceneDelegate.swift in Sources */,
			);
			runOnlyForDeploymentPostprocessing = 0;
		};
/* End PBXSourcesBuildPhase section */

/* Begin PBXVariantGroup section */
		1ACC18DD29C6826E00AF87BB /* Main.storyboard */ = {
			isa = PBXVariantGroup;
			children = (
				1ACC18DE29C6826E00AF87BB /* Base */,
			);
			name = Main.storyboard;
			sourceTree = "<group>";
		};
		1ACC18E229C6826F00AF87BB /* LaunchScreen.storyboard */ = {
			isa = PBXVariantGroup;
			children = (
				1ACC18E329C6826F00AF87BB /* Base */,
			);
			name = LaunchScreen.storyboard;
			sourceTree = "<group>";
		};
/* End PBXVariantGroup section */

/* Begin XCBuildConfiguration section */
		1ACC18E629C6826F00AF87BB /* Debug */ = {
			isa = XCBuildConfiguration;
			buildSettings = {
				ALWAYS_SEARCH_USER_PATHS = NO;
				CLANG_ANALYZER_NONNULL = YES;
				CLANG_ANALYZER_NUMBER_OBJECT_CONVERSION = YES_AGGRESSIVE;
				CLANG_CXX_LANGUAGE_STANDARD = "gnu++20";
				CLANG_ENABLE_MODULES = YES;
				CLANG_ENABLE_OBJC_ARC = YES;
				CLANG_ENABLE_OBJC_WEAK = YES;
				CLANG_WARN_BLOCK_CAPTURE_AUTORELEASING = YES;
				CLANG_WARN_BOOL_CONVERSION = YES;
				CLANG_WARN_COMMA = YES;
				CLANG_WARN_CONSTANT_CONVERSION = YES;
				CLANG_WARN_DEPRECATED_OBJC_IMPLEMENTATIONS = YES;
				CLANG_WARN_DIRECT_OBJC_ISA_USAGE = YES_ERROR;
				CLANG_WARN_DOCUMENTATION_COMMENTS = YES;
				CLANG_WARN_EMPTY_BODY = YES;
				CLANG_WARN_ENUM_CONVERSION = YES;
				CLANG_WARN_INFINITE_RECURSION = YES;
				CLANG_WARN_INT_CONVERSION = YES;
				CLANG_WARN_NON_LITERAL_NULL_CONVERSION = YES;
				CLANG_WARN_OBJC_IMPLICIT_RETAIN_SELF = YES;
				CLANG_WARN_OBJC_LITERAL_CONVERSION = YES;
				CLANG_WARN_OBJC_ROOT_CLASS = YES_ERROR;
				CLANG_WARN_QUOTED_INCLUDE_IN_FRAMEWORK_HEADER = YES;
				CLANG_WARN_RANGE_LOOP_ANALYSIS = YES;
				CLANG_WARN_STRICT_PROTOTYPES = YES;
				CLANG_WARN_SUSPICIOUS_MOVE = YES;
				CLANG_WARN_UNGUARDED_AVAILABILITY = YES_AGGRESSIVE;
				CLANG_WARN_UNREACHABLE_CODE = YES;
				CLANG_WARN__DUPLICATE_METHOD_MATCH = YES;
				COPY_PHASE_STRIP = NO;
				DEBUG_INFORMATION_FORMAT = dwarf;
				ENABLE_STRICT_OBJC_MSGSEND = YES;
				ENABLE_TESTABILITY = YES;
				GCC_C_LANGUAGE_STANDARD = gnu11;
				GCC_DYNAMIC_NO_PIC = NO;
				GCC_NO_COMMON_BLOCKS = YES;
				GCC_OPTIMIZATION_LEVEL = 0;
				GCC_PREPROCESSOR_DEFINITIONS = (
					"DEBUG=1",
					"$(inherited)",
				);
				GCC_WARN_64_TO_32_BIT_CONVERSION = YES;
				GCC_WARN_ABOUT_RETURN_TYPE = YES_ERROR;
				GCC_WARN_UNDECLARED_SELECTOR = YES;
				GCC_WARN_UNINITIALIZED_AUTOS = YES_AGGRESSIVE;
				GCC_WARN_UNUSED_FUNCTION = YES;
				GCC_WARN_UNUSED_VARIABLE = YES;
				IPHONEOS_DEPLOYMENT_TARGET = 16.2;
				MTL_ENABLE_DEBUG_INFO = INCLUDE_SOURCE;
				MTL_FAST_MATH = YES;
				ONLY_ACTIVE_ARCH = YES;
				SDKROOT = iphoneos;
				SWIFT_ACTIVE_COMPILATION_CONDITIONS = DEBUG;
				SWIFT_OPTIMIZATION_LEVEL = "-Onone";
			};
			name = Debug;
		};
		1ACC18E729C6826F00AF87BB /* Release */ = {
			isa = XCBuildConfiguration;
			buildSettings = {
				ALWAYS_SEARCH_USER_PATHS = NO;
				CLANG_ANALYZER_NONNULL = YES;
				CLANG_ANALYZER_NUMBER_OBJECT_CONVERSION = YES_AGGRESSIVE;
				CLANG_CXX_LANGUAGE_STANDARD = "gnu++20";
				CLANG_ENABLE_MODULES = YES;
				CLANG_ENABLE_OBJC_ARC = YES;
				CLANG_ENABLE_OBJC_WEAK = YES;
				CLANG_WARN_BLOCK_CAPTURE_AUTORELEASING = YES;
				CLANG_WARN_BOOL_CONVERSION = YES;
				CLANG_WARN_COMMA = YES;
				CLANG_WARN_CONSTANT_CONVERSION = YES;
				CLANG_WARN_DEPRECATED_OBJC_IMPLEMENTATIONS = YES;
				CLANG_WARN_DIRECT_OBJC_ISA_USAGE = YES_ERROR;
				CLANG_WARN_DOCUMENTATION_COMMENTS = YES;
				CLANG_WARN_EMPTY_BODY = YES;
				CLANG_WARN_ENUM_CONVERSION = YES;
				CLANG_WARN_INFINITE_RECURSION = YES;
				CLANG_WARN_INT_CONVERSION = YES;
				CLANG_WARN_NON_LITERAL_NULL_CONVERSION = YES;
				CLANG_WARN_OBJC_IMPLICIT_RETAIN_SELF = YES;
				CLANG_WARN_OBJC_LITERAL_CONVERSION = YES;
				CLANG_WARN_OBJC_ROOT_CLASS = YES_ERROR;
				CLANG_WARN_QUOTED_INCLUDE_IN_FRAMEWORK_HEADER = YES;
				CLANG_WARN_RANGE_LOOP_ANALYSIS = YES;
				CLANG_WARN_STRICT_PROTOTYPES = YES;
				CLANG_WARN_SUSPICIOUS_MOVE = YES;
				CLANG_WARN_UNGUARDED_AVAILABILITY = YES_AGGRESSIVE;
				CLANG_WARN_UNREACHABLE_CODE = YES;
				CLANG_WARN__DUPLICATE_METHOD_MATCH = YES;
				COPY_PHASE_STRIP = NO;
				DEBUG_INFORMATION_FORMAT = "dwarf-with-dsym";
				ENABLE_NS_ASSERTIONS = NO;
				ENABLE_STRICT_OBJC_MSGSEND = YES;
				GCC_C_LANGUAGE_STANDARD = gnu11;
				GCC_NO_COMMON_BLOCKS = YES;
				GCC_WARN_64_TO_32_BIT_CONVERSION = YES;
				GCC_WARN_ABOUT_RETURN_TYPE = YES_ERROR;
				GCC_WARN_UNDECLARED_SELECTOR = YES;
				GCC_WARN_UNINITIALIZED_AUTOS = YES_AGGRESSIVE;
				GCC_WARN_UNUSED_FUNCTION = YES;
				GCC_WARN_UNUSED_VARIABLE = YES;
				IPHONEOS_DEPLOYMENT_TARGET = 16.2;
				MTL_ENABLE_DEBUG_INFO = NO;
				MTL_FAST_MATH = YES;
				SDKROOT = iphoneos;
				SWIFT_COMPILATION_MODE = wholemodule;
				SWIFT_OPTIMIZATION_LEVEL = "-O";
				VALIDATE_PRODUCT = YES;
			};
			name = Release;
		};
		1ACC18E929C6826F00AF87BB /* Debug */ = {
			isa = XCBuildConfiguration;
			baseConfigurationReference = 6A8F4C12C5521171767A8AA7 /* Pods-companyInformation.debug.xcconfig */;
			buildSettings = {
				ASSETCATALOG_COMPILER_APPICON_NAME = AppIcon;
				ASSETCATALOG_COMPILER_GLOBAL_ACCENT_COLOR_NAME = AccentColor;
				CODE_SIGN_STYLE = Automatic;
				CURRENT_PROJECT_VERSION = 1;
				DEVELOPMENT_TEAM = FHJ4624BJ7;
				GENERATE_INFOPLIST_FILE = YES;
				INFOPLIST_FILE = companyInformation/Info.plist;
				INFOPLIST_KEY_UIApplicationSupportsIndirectInputEvents = YES;
				INFOPLIST_KEY_UILaunchStoryboardName = LaunchScreen;
				INFOPLIST_KEY_UIMainStoryboardFile = Main;
				INFOPLIST_KEY_UISupportedInterfaceOrientations_iPad = "UIInterfaceOrientationPortrait UIInterfaceOrientationPortraitUpsideDown UIInterfaceOrientationLandscapeLeft UIInterfaceOrientationLandscapeRight";
				INFOPLIST_KEY_UISupportedInterfaceOrientations_iPhone = "UIInterfaceOrientationPortrait UIInterfaceOrientationLandscapeLeft UIInterfaceOrientationLandscapeRight";
				LD_RUNPATH_SEARCH_PATHS = (
					"$(inherited)",
					"@executable_path/Frameworks",
				);
				MARKETING_VERSION = 1.0;
				PRODUCT_BUNDLE_IDENTIFIER = "edu.northeastern.Siqi-Yu.companyInformation";
				PRODUCT_NAME = "$(TARGET_NAME)";
				SWIFT_EMIT_LOC_STRINGS = YES;
				SWIFT_VERSION = 5.0;
				TARGETED_DEVICE_FAMILY = "1,2";
			};
			name = Debug;
		};
		1ACC18EA29C6826F00AF87BB /* Release */ = {
			isa = XCBuildConfiguration;
			baseConfigurationReference = 8C6B81F0739EB5F04DC8D0F2 /* Pods-companyInformation.release.xcconfig */;
			buildSettings = {
				ASSETCATALOG_COMPILER_APPICON_NAME = AppIcon;
				ASSETCATALOG_COMPILER_GLOBAL_ACCENT_COLOR_NAME = AccentColor;
				CODE_SIGN_STYLE = Automatic;
				CURRENT_PROJECT_VERSION = 1;
				DEVELOPMENT_TEAM = FHJ4624BJ7;
				GENERATE_INFOPLIST_FILE = YES;
				INFOPLIST_FILE = companyInformation/Info.plist;
				INFOPLIST_KEY_UIApplicationSupportsIndirectInputEvents = YES;
				INFOPLIST_KEY_UILaunchStoryboardName = LaunchScreen;
				INFOPLIST_KEY_UIMainStoryboardFile = Main;
				INFOPLIST_KEY_UISupportedInterfaceOrientations_iPad = "UIInterfaceOrientationPortrait UIInterfaceOrientationPortraitUpsideDown UIInterfaceOrientationLandscapeLeft UIInterfaceOrientationLandscapeRight";
				INFOPLIST_KEY_UISupportedInterfaceOrientations_iPhone = "UIInterfaceOrientationPortrait UIInterfaceOrientationLandscapeLeft UIInterfaceOrientationLandscapeRight";
				LD_RUNPATH_SEARCH_PATHS = (
					"$(inherited)",
					"@executable_path/Frameworks",
				);
				MARKETING_VERSION = 1.0;
				PRODUCT_BUNDLE_IDENTIFIER = "edu.northeastern.Siqi-Yu.companyInformation";
				PRODUCT_NAME = "$(TARGET_NAME)";
				SWIFT_EMIT_LOC_STRINGS = YES;
				SWIFT_VERSION = 5.0;
				TARGETED_DEVICE_FAMILY = "1,2";
			};
			name = Release;
		};
/* End XCBuildConfiguration section */

/* Begin XCConfigurationList section */
		1ACC18CF29C6826E00AF87BB /* Build configuration list for PBXProject "companyInformation" */ = {
			isa = XCConfigurationList;
			buildConfigurations = (
				1ACC18E629C6826F00AF87BB /* Debug */,
				1ACC18E729C6826F00AF87BB /* Release */,
			);
			defaultConfigurationIsVisible = 0;
			defaultConfigurationName = Release;
		};
		1ACC18E829C6826F00AF87BB /* Build configuration list for PBXNativeTarget "companyInformation" */ = {
			isa = XCConfigurationList;
			buildConfigurations = (
				1ACC18E929C6826F00AF87BB /* Debug */,
				1ACC18EA29C6826F00AF87BB /* Release */,
			);
			defaultConfigurationIsVisible = 0;
			defaultConfigurationName = Release;
		};
/* End XCConfigurationList section */
	};
	rootObject = 1ACC18CC29C6826E00AF87BB /* Project object */;
}
